say_time_at_top_off_hour:
  sequence:


  # Task - Announce the current time at the top of the hour
  # -------------------------------------------------------
  # a) Mute speaker volume if there is already audio playing
    - service: shell_command.speaker_volume_mute
  # Pause for a second - Needed - DO NOT REMOVE unless you have a fix!
    - delay:
        seconds: 1
  # b) Chime alert using house speakers
    - service: shell_command.play_chime_big_ben_alert
  # Wait for bell to finish ringing
    - delay:
        seconds: 3
  # c) Speak the current hour using house speakers
    - service: shell_command.say_current_time_using_sounds_tool
      data_template:
        audio_gain: ""
  # d) Unmute speaker volume 
    - service: shell_command.speaker_volume_unmute
