say_time_at_top_off_hour:
  sequence:


    # Task - Announce the current time at the top of the hour
    # -------------------------------------------------------

    # a) Mute speaker volume if there is already audio playing
    - service: shell_command.speaker_volume_mute
    # Pause for a second - DO NOT REMOVE unless you have a fix!
    - delay: '00:00:01'

    # b) Big Ben chime alert using house speakers
    - service: shell_command.voice_alerts_and_sound_effects
      data_template:
        sound_alert: '22'
        audio_gain: !secret voice_alert_audio_gain

    # Wait for bell to finish ringing
    - delay: '00:00:09'

    # c) Speak the current hour using house speakers
    - service: shell_command.voice_alerts_and_sound_effects
      data_template:
        sound_alert: '41'
        audio_gain: !secret voice_alert_audio_gain

    # Pause for a second - DO NOT REMOVE unless you have a fix!
    - delay: '00:00:01'

    # d) Unmute speaker volume 
    - service: shell_command.speaker_volume_unmute
